Microsoft Visual Studio Solution File, Format Version 12.00
# Visual Studio Version 17
VisualStudioVersion = 17.5.2.0
MinimumVisualStudioVersion = 10.0.40219.1
Project("{FAE04EC0-301F-11D3-BF4B-00C04F79EFBC}") = "CardsApi", "CardsApi\CardsApi.csproj", "{10108694-533F-5101-198A-84317D40A799}"
EndProject
Project("{FAE04EC0-301F-11D3-BF4B-00C04F79EFBC}") = "CardsApi.Tests", "CardsApi.Tests\CardsApi.Tests.csproj", "{EB433688-2BFC-4788-89B6-A3D93CB1668A}"
EndProject
Global
	GlobalSection(SolutionConfigurationPlatforms) = preSolution
		Debug|Any CPU = Debug|Any CPU
		Release|Any CPU = Release|Any CPU
	EndGlobalSection
	GlobalSection(ProjectConfigurationPlatforms) = postSolution
		{10108694-533F-5101-198A-84317D40A799}.Debug|Any CPU.ActiveCfg = Debug|Any CPU
		{10108694-533F-5101-198A-84317D40A799}.Debug|Any CPU.Build.0 = Debug|Any CPU
		{10108694-533F-5101-198A-84317D40A799}.Release|Any CPU.ActiveCfg = Release|Any CPU
		{10108694-533F-5101-198A-84317D40A799}.Release|Any CPU.Build.0 = Release|Any CPU
		{EB433688-2BFC-4788-89B6-A3D93CB1668A}.Debug|Any CPU.ActiveCfg = Debug|Any CPU
		{EB433688-2BFC-4788-89B6-A3D93CB1668A}.Debug|Any CPU.Build.0 = Debug|Any CPU
		{EB433688-2BFC-4788-89B6-A3D93CB1668A}.Release|Any CPU.ActiveCfg = Release|Any CPU
		{EB433688-2BFC-4788-89B6-A3D93CB1668A}.Release|Any CPU.Build.0 = Release|Any CPU
	EndGlobalSection
	GlobalSection(SolutionProperties) = preSolution
		HideSolutionNode = FALSE
	EndGlobalSection
	GlobalSection(ExtensibilityGlobals) = postSolution
		SolutionGuid = {104EBB48-8154-420E-9EF0-62DBAA6C8EA4}
	EndGlobalSection
EndGlobal
